
Microsoft Visual Studio Solution File, Format Version 12.00
# Visual Studio Version 16
VisualStudioVersion = 16.0.29424.173
MinimumVisualStudioVersion = 10.0.40219.1
Project("{FAE04EC0-301F-11D3-BF4B-00C04F79EFBC}") = "NullableReferenceTypes", "NullableReferenceTypes\NullableReferenceTypes.csproj", "{3F4325AB-AF5A-4D1F-8843-76444002488F}"
EndProject
Global
	GlobalSection(SolutionConfigurationPlatforms) = preSolution
		Debug|Any CPU = Debug|Any CPU
		Release|Any CPU = Release|Any CPU
	EndGlobalSection
	GlobalSection(ProjectConfigurationPlatforms) = postSolution
		{3F4325AB-AF5A-4D1F-8843-76444002488F}.Debug|Any CPU.ActiveCfg = Debug|Any CPU
		{3F4325AB-AF5A-4D1F-8843-76444002488F}.Debug|Any CPU.Build.0 = Debug|Any CPU
		{3F4325AB-AF5A-4D1F-8843-76444002488F}.Release|Any CPU.ActiveCfg = Release|Any CPU
		{3F4325AB-AF5A-4D1F-8843-76444002488F}.Release|Any CPU.Build.0 = Release|Any CPU
	EndGlobalSection
	GlobalSection(SolutionProperties) = preSolution
		HideSolutionNode = FALSE
	EndGlobalSection
	GlobalSection(ExtensibilityGlobals) = postSolution
		SolutionGuid = {67E691E1-9636-4612-8FC9-560526582850}
	EndGlobalSection
EndGlobal
